
Microsoft Visual Studio Solution File, Format Version 12.00
# Visual Studio Version 17
VisualStudioVersion = 17.10.34928.147
MinimumVisualStudioVersion = 10.0.40219.1
Project("{9A19103F-16F7-4668-BE54-9A1E7A4F7556}") = "SagaPattern.InventoryService", "src\SagaPattern.InventoryService\SagaPattern.InventoryService.csproj", "{2697587D-8108-4BD5-B6AB-F0D69C3FF0FE}"
EndProject
Project("{9A19103F-16F7-4668-BE54-9A1E7A4F7556}") = "SagaPattern.OrderService", "src\SagaPattern.OrderService\SagaPattern.OrderService.csproj", "{F8D93EC1-DEF6-4015-93BF-DACD305FC7D9}"
EndProject
Project("{9A19103F-16F7-4668-BE54-9A1E7A4F7556}") = "SagaPattern.PaymentService", "src\SagaPattern.PaymentService\SagaPattern.PaymentService.csproj", "{556C5534-AE5B-42D5-8D91-CE10CD0CC08A}"
EndProject
Project("{FAE04EC0-301F-11D3-BF4B-00C04F79EFBC}") = "SagaPattern.SagaOrchestrator", "src\SagaPattern.SagaOrchestrator\SagaPattern.SagaOrchestrator.csproj", "{707F8428-BBC3-48FD-A9A0-7CA3C54E178B}"
EndProject
Global
	GlobalSection(SolutionConfigurationPlatforms) = preSolution
		Debug|Any CPU = Debug|Any CPU
		Release|Any CPU = Release|Any CPU
	EndGlobalSection
	GlobalSection(ProjectConfigurationPlatforms) = postSolution
		{2697587D-8108-4BD5-B6AB-F0D69C3FF0FE}.Debug|Any CPU.ActiveCfg = Debug|Any CPU
		{2697587D-8108-4BD5-B6AB-F0D69C3FF0FE}.Debug|Any CPU.Build.0 = Debug|Any CPU
		{2697587D-8108-4BD5-B6AB-F0D69C3FF0FE}.Release|Any CPU.ActiveCfg = Release|Any CPU
		{2697587D-8108-4BD5-B6AB-F0D69C3FF0FE}.Release|Any CPU.Build.0 = Release|Any CPU
		{F8D93EC1-DEF6-4015-93BF-DACD305FC7D9}.Debug|Any CPU.ActiveCfg = Debug|Any CPU
		{F8D93EC1-DEF6-4015-93BF-DACD305FC7D9}.Debug|Any CPU.Build.0 = Debug|Any CPU
		{F8D93EC1-DEF6-4015-93BF-DACD305FC7D9}.Release|Any CPU.ActiveCfg = Release|Any CPU
		{F8D93EC1-DEF6-4015-93BF-DACD305FC7D9}.Release|Any CPU.Build.0 = Release|Any CPU
		{556C5534-AE5B-42D5-8D91-CE10CD0CC08A}.Debug|Any CPU.ActiveCfg = Debug|Any CPU
		{556C5534-AE5B-42D5-8D91-CE10CD0CC08A}.Debug|Any CPU.Build.0 = Debug|Any CPU
		{556C5534-AE5B-42D5-8D91-CE10CD0CC08A}.Release|Any CPU.ActiveCfg = Release|Any CPU
		{556C5534-AE5B-42D5-8D91-CE10CD0CC08A}.Release|Any CPU.Build.0 = Release|Any CPU
		{707F8428-BBC3-48FD-A9A0-7CA3C54E178B}.Debug|Any CPU.ActiveCfg = Debug|Any CPU
		{707F8428-BBC3-48FD-A9A0-7CA3C54E178B}.Debug|Any CPU.Build.0 = Debug|Any CPU
		{707F8428-BBC3-48FD-A9A0-7CA3C54E178B}.Release|Any CPU.ActiveCfg = Release|Any CPU
		{707F8428-BBC3-48FD-A9A0-7CA3C54E178B}.Release|Any CPU.Build.0 = Release|Any CPU
	EndGlobalSection
	GlobalSection(SolutionProperties) = preSolution
		HideSolutionNode = FALSE
	EndGlobalSection
	GlobalSection(ExtensibilityGlobals) = postSolution
		SolutionGuid = {DD34CED7-A913-4DAA-BA4E-D3344A0D7E20}
	EndGlobalSection
EndGlobal
